schema: '2.0'
stages:
  features:
    cmd: python3 scripts/data_processing/get_features.py datasets/raw/cars.csv datasets/features/cars.csv
    deps:
    - path: datasets/raw/cars.csv
      hash: md5
      md5: 2b6b9667cee242ee96ac3c922ee51d0b
      size: 2740252
    - path: scripts/data_processing/get_features.py
      hash: md5
      md5: 081c5f1f641d3f6a9f17bd0547ff5105
      size: 886
    outs:
    - path: datasets/features/cars.csv
      hash: md5
      md5: f32d23ddbc208a48d654a0c24cdfc919
      size: 1747411
  prepare:
    cmd: venv3.9/bin/python3 scripts/data_processing/change_text_to_numeric.py datasets/features/cars.csv
      datasets/prepared/cars.csv
    deps:
    - path: datasets/features/cars.csv
      hash: md5
      md5: f32d23ddbc208a48d654a0c24cdfc919
      size: 1747411
    - path: scripts/data_processing/change_text_to_numeric.py
      hash: md5
      md5: 0c889ef170c4d81d000d0e618495f419
      size: 1193
    outs:
    - path: datasets/prepared/cars.csv
      hash: md5
      md5: 3ea2ae0173f8bfb0add89ec25caf4d8e
      size: 1163996
  get_features:
    cmd: venv3.9/bin/python3 scripts/data_processing/get_features.py datasets/raw/cars.csv
      datasets/features/cars.csv
    deps:
    - path: datasets/raw/cars.csv
      hash: md5
      md5: 2b6b9667cee242ee96ac3c922ee51d0b
      size: 2740252
    - path: scripts/data_processing/get_features.py
      hash: md5
      md5: 081c5f1f641d3f6a9f17bd0547ff5105
      size: 886
    outs:
    - path: datasets/features/cars.csv
      hash: md5
      md5: f32d23ddbc208a48d654a0c24cdfc919
      size: 1747411
  train:
    cmd: venv3.9/bin/python3 scripts/model_learning/dt.py datasets/train_test_split/cars_train.csv
      model.pkl
    deps:
    - path: datasets/train_test_split/cars_train.csv
      hash: md5
      md5: 0b597d2815eb644a0cd40cbbaef2ecf9
      size: 814720
    - path: scripts/model_learning/dt.py
      hash: md5
      md5: 44ab844724c0ba98f8303c41dcd25d7d
      size: 875
    params:
      params.yaml:
        cars.max_depth: 23
        cars.seed: 42
    outs:
    - path: models/model.pkl
      hash: md5
      md5: aa10074a1e7409d070a22ffc2583b1a8
      size: 503800
  split:
    cmd: venv3.9/bin/python3 scripts/data_processing/train_test_split.py datasets/prepared/cars.csv
    deps:
    - path: datasets/prepared/cars.csv
      hash: md5
      md5: 3ea2ae0173f8bfb0add89ec25caf4d8e
      size: 1163996
    - path: scripts/data_processing/train_test_split.py
      hash: md5
      md5: 6191bcb73602ad81bfaf4b77c51427a8
      size: 1671
    params:
      params.yaml:
        split.split_ratio: 0.3
    outs:
    - path: datasets/train_test_split
      hash: md5
      md5: 8e4e6cf81a4fdd6cc52676d6c1dcefac.dir
      size: 1163744
      nfiles: 2
  evaluate:
    cmd: venv3.9/bin/python3 scripts/model_learning/evaluate.py datasets/train_test_split/cars_test.csv
      models/model.pkl
    deps:
    - path: datasets/train_test_split/cars_test.csv
      hash: md5
      md5: 9ff6e37be5f274ca35f3ee2cca196f9c
      size: 349024
    - path: models/model.pkl
      hash: md5
      md5: aa10074a1e7409d070a22ffc2583b1a8
      size: 503800
    - path: scripts/model_learning/evaluate.py
      hash: md5
      md5: 844d8998341b536f4647694bd5577da0
      size: 839
    outs:
    - path: evaluate/evaluate.json
      hash: md5
      md5: 732149c75832e207a605a6e839f245e8
      size: 29
