schema: '2.0'
stages:
  features:
    cmd: python3 scripts/data_processing/get_features.py datasets/raw/cars.csv datasets/features/cars.csv
    deps:
    - path: datasets/raw/cars.csv
      hash: md5
      md5: 2b6b9667cee242ee96ac3c922ee51d0b
      size: 2740252
    - path: scripts/data_processing/get_features.py
      hash: md5
      md5: 081c5f1f641d3f6a9f17bd0547ff5105
      size: 886
    outs:
    - path: datasets/features/cars.csv
      hash: md5
      md5: f32d23ddbc208a48d654a0c24cdfc919
      size: 1747411
  prepare:
    cmd: venv3.9/bin/python3 scripts/data_processing/change_text_to_numeric.py datasets/features/cars.csv
      datasets/prepared/cars.csv
    deps:
    - path: datasets/features/cars.csv
      hash: md5
      md5: f32d23ddbc208a48d654a0c24cdfc919
      size: 1747411
    - path: scripts/data_processing/change_text_to_numeric.py
      hash: md5
      md5: 0c889ef170c4d81d000d0e618495f419
      size: 1193
    outs:
    - path: datasets/prepared/cars.csv
      hash: md5
      md5: 3ea2ae0173f8bfb0add89ec25caf4d8e
      size: 1163996
  get_features:
    cmd: venv3.9/bin/python3 scripts/data_processing/get_features.py datasets/raw/cars.csv
      datasets/features/cars.csv
    deps:
    - path: datasets/raw/cars.csv
      hash: md5
      md5: 2b6b9667cee242ee96ac3c922ee51d0b
      size: 2740252
    - path: scripts/data_processing/get_features.py
      hash: md5
      md5: 081c5f1f641d3f6a9f17bd0547ff5105
      size: 886
    outs:
    - path: datasets/features/cars.csv
      hash: md5
      md5: f32d23ddbc208a48d654a0c24cdfc919
      size: 1747411
  train:
    cmd: venv3.9/bin/python3 scripts/model_learning/dt.py datasets/train_test_split/cars_train.csv
      model.pkl
    deps:
    - path: datasets/train_test_split/cars_train.csv
      hash: md5
      md5: 4cc47d93249b2c6e70041f3b925f9b16
      size: 814429
    - path: scripts/model_learning/dt.py
      hash: md5
      md5: 510671b05ade5c4fe3ad15dbfe458574
      size: 741
    params:
      params.yaml:
        cars.max_depth: 5
        cars.seed: 42
    outs:
    - path: models/model.pkl
      hash: md5
      md5: cf7ecdb17c8252b698b441cd283993b7
      size: 25298
  split:
    cmd: venv3.9/bin/python3 scripts/data_processing/train_test_split.py datasets/prepared/cars.csv
    deps:
    - path: datasets/prepared/cars.csv
      hash: md5
      md5: 3ea2ae0173f8bfb0add89ec25caf4d8e
      size: 1163996
    - path: scripts/data_processing/train_test_split.py
      hash: md5
      md5: 6191bcb73602ad81bfaf4b77c51427a8
      size: 1671
    params:
      params.yaml:
        split.split_ratio: 0.3
    outs:
    - path: datasets/train_test_split
      hash: md5
      md5: e9ec66a61cca1dba9f562d156ee9261d.dir
      size: 1163744
      nfiles: 2
